// !$*UTF8*$!
{
	archiveVersion = 1;
	classes = {
	};
	objectVersion = 46;
	objects = {

/* Begin PBXBuildFile section */
		3D0C6FE419FC1D9B0060C70C /* mapoutline2.png in Resources */ = {isa = PBXBuildFile; fileRef = 3D0C6FE319FC1D9B0060C70C /* mapoutline2.png */; };
		3D0F690D19FDDCE90080DC35 /* outline@2x.png in Resources */ = {isa = PBXBuildFile; fileRef = 3D0F690C19FDDCE90080DC35 /* outline@2x.png */; };
		3D0F690F19FDE12D0080DC35 /* ExtrasViewController.xib in Resources */ = {isa = PBXBuildFile; fileRef = 3D0F690E19FDE12D0080DC35 /* ExtrasViewController.xib */; };
		3D0F691319FDE2290080DC35 /* quizlet.png in Resources */ = {isa = PBXBuildFile; fileRef = 3D0F691219FDE2290080DC35 /* quizlet.png */; };
		3D0F691519FDE2420080DC35 /* procrastinate.png in Resources */ = {isa = PBXBuildFile; fileRef = 3D0F691419FDE2420080DC35 /* procrastinate.png */; };
		3D2F267B19D8C96200529954 /* Location.m in Sources */ = {isa = PBXBuildFile; fileRef = 3D2F267A19D8C96200529954 /* Location.m */; };
		3D368CBD19C5E7F400D043AD /* LaunchScreen.xib in Resources */ = {isa = PBXBuildFile; fileRef = 3D368CBC19C5E7F400D043AD /* LaunchScreen.xib */; };
		3D368D0119C5EC4F00D043AD /* Images.xcassets in Resources */ = {isa = PBXBuildFile; fileRef = 3D368D0019C5EC4F00D043AD /* Images.xcassets */; };
		3D4E9FE919EEA6D400B75FCF /* outline.png in Resources */ = {isa = PBXBuildFile; fileRef = 3D4E9FE819EEA6D400B75FCF /* outline.png */; };
		3D551AB619AB82D10082C393 /* main.m in Sources */ = {isa = PBXBuildFile; fileRef = 3D551AB519AB82D10082C393 /* main.m */; };
		3D551AB919AB82D10082C393 /* AppDelegate.m in Sources */ = {isa = PBXBuildFile; fileRef = 3D551AB819AB82D10082C393 /* AppDelegate.m */; };
		3D551AD019AB82D10082C393 /* IAGuideTests.m in Sources */ = {isa = PBXBuildFile; fileRef = 3D551ACF19AB82D10082C393 /* IAGuideTests.m */; };
		3D551ADB19AB83E40082C393 /* HomeViewController.m in Sources */ = {isa = PBXBuildFile; fileRef = 3D551ADA19AB83E40082C393 /* HomeViewController.m */; };
		3D66EA8219CF132700432B20 /* LocationStore.m in Sources */ = {isa = PBXBuildFile; fileRef = 3D66EA8119CF132700432B20 /* LocationStore.m */; };
		3D6CCA7F19E2DD850049C4BE /* OutlineOverlay.m in Sources */ = {isa = PBXBuildFile; fileRef = 3D6CCA7E19E2DD850049C4BE /* OutlineOverlay.m */; };
		3D793A2719E87C9200BBAD68 /* OutlineOverlayRenderer.m in Sources */ = {isa = PBXBuildFile; fileRef = 3D793A2619E87C9200BBAD68 /* OutlineOverlayRenderer.m */; };
		3D8D6E4619D6488C00A31C10 /* Circle2.png in Resources */ = {isa = PBXBuildFile; fileRef = 3D8D6E4519D6488C00A31C10 /* Circle2.png */; };
		3D8D6E4819D649F900A31C10 /* Circle3@2x.png in Resources */ = {isa = PBXBuildFile; fileRef = 3D8D6E4719D649F900A31C10 /* Circle3@2x.png */; };
		3DD04DEE19D62C3D00F22A61 /* Circle.png in Resources */ = {isa = PBXBuildFile; fileRef = 3DD04DED19D62C3D00F22A61 /* Circle.png */; };
		3DD81F0419B68BAA00794B17 /* HomeViewController.xib in Resources */ = {isa = PBXBuildFile; fileRef = 3DD81F0319B68BAA00794B17 /* HomeViewController.xib */; };
		3DD81F0619B6A08D00794B17 /* MapKit.framework in Frameworks */ = {isa = PBXBuildFile; fileRef = 3DD81F0519B6A08D00794B17 /* MapKit.framework */; };
		3DF32E1019FC22CB005AEA8B /* ExtrasViewController.m in Sources */ = {isa = PBXBuildFile; fileRef = 3DF32E0F19FC22CB005AEA8B /* ExtrasViewController.m */; };
		3DF32E1619FC3814005AEA8B /* compass@2x.png in Resources */ = {isa = PBXBuildFile; fileRef = 3DF32E1519FC3814005AEA8B /* compass@2x.png */; };
/* End PBXBuildFile section */

/* Begin PBXContainerItemProxy section */
		3D551ACA19AB82D10082C393 /* PBXContainerItemProxy */ = {
			isa = PBXContainerItemProxy;
			containerPortal = 3D551AA819AB82D00082C393 /* Project object */;
			proxyType = 1;
			remoteGlobalIDString = 3D551AAF19AB82D00082C393;
			remoteInfo = IAGuide;
		};
/* End PBXContainerItemProxy section */

/* Begin PBXFileReference section */
		3D0C6FE319FC1D9B0060C70C /* mapoutline2.png */ = {isa = PBXFileReference; lastKnownFileType = image.png; path = mapoutline2.png; sourceTree = "<group>"; };
		3D0F690C19FDDCE90080DC35 /* outline@2x.png */ = {isa = PBXFileReference; lastKnownFileType = image.png; path = "outline@2x.png"; sourceTree = "<group>"; };
		3D0F690E19FDE12D0080DC35 /* ExtrasViewController.xib */ = {isa = PBXFileReference; fileEncoding = 4; lastKnownFileType = file.xib; path = ExtrasViewController.xib; sourceTree = "<group>"; };
		3D0F691219FDE2290080DC35 /* quizlet.png */ = {isa = PBXFileReference; lastKnownFileType = image.png; path = quizlet.png; sourceTree = "<group>"; };
		3D0F691419FDE2420080DC35 /* procrastinate.png */ = {isa = PBXFileReference; lastKnownFileType = image.png; path = procrastinate.png; sourceTree = "<group>"; };
		3D2F267919D8C96200529954 /* Location.h */ = {isa = PBXFileReference; fileEncoding = 4; lastKnownFileType = sourcecode.c.h; name = Location.h; path = ../Location.h; sourceTree = "<group>"; };
		3D2F267A19D8C96200529954 /* Location.m */ = {isa = PBXFileReference; fileEncoding = 4; lastKnownFileType = sourcecode.c.objc; name = Location.m; path = ../Location.m; sourceTree = "<group>"; };
		3D368CBC19C5E7F400D043AD /* LaunchScreen.xib */ = {isa = PBXFileReference; fileEncoding = 4; lastKnownFileType = file.xib; path = LaunchScreen.xib; sourceTree = "<group>"; };
		3D368D0019C5EC4F00D043AD /* Images.xcassets */ = {isa = PBXFileReference; lastKnownFileType = folder.assetcatalog; path = Images.xcassets; sourceTree = "<group>"; };
		3D4E9FE819EEA6D400B75FCF /* outline.png */ = {isa = PBXFileReference; lastKnownFileType = image.png; path = outline.png; sourceTree = "<group>"; };
		3D551AB019AB82D10082C393 /* IAGuide.app */ = {isa = PBXFileReference; explicitFileType = wrapper.application; includeInIndex = 0; path = IAGuide.app; sourceTree = BUILT_PRODUCTS_DIR; };
		3D551AB419AB82D10082C393 /* Info.plist */ = {isa = PBXFileReference; lastKnownFileType = text.plist.xml; path = Info.plist; sourceTree = "<group>"; };
		3D551AB519AB82D10082C393 /* main.m */ = {isa = PBXFileReference; lastKnownFileType = sourcecode.c.objc; path = main.m; sourceTree = "<group>"; };
		3D551AB719AB82D10082C393 /* AppDelegate.h */ = {isa = PBXFileReference; lastKnownFileType = sourcecode.c.h; path = AppDelegate.h; sourceTree = "<group>"; };
		3D551AB819AB82D10082C393 /* AppDelegate.m */ = {isa = PBXFileReference; lastKnownFileType = sourcecode.c.objc; path = AppDelegate.m; sourceTree = "<group>"; };
		3D551AC919AB82D10082C393 /* IAGuideTests.xctest */ = {isa = PBXFileReference; explicitFileType = wrapper.cfbundle; includeInIndex = 0; path = IAGuideTests.xctest; sourceTree = BUILT_PRODUCTS_DIR; };
		3D551ACE19AB82D10082C393 /* Info.plist */ = {isa = PBXFileReference; lastKnownFileType = text.plist.xml; path = Info.plist; sourceTree = "<group>"; };
		3D551ACF19AB82D10082C393 /* IAGuideTests.m */ = {isa = PBXFileReference; lastKnownFileType = sourcecode.c.objc; path = IAGuideTests.m; sourceTree = "<group>"; };
		3D551AD919AB83E40082C393 /* HomeViewController.h */ = {isa = PBXFileReference; fileEncoding = 4; lastKnownFileType = sourcecode.c.h; path = HomeViewController.h; sourceTree = "<group>"; };
		3D551ADA19AB83E40082C393 /* HomeViewController.m */ = {isa = PBXFileReference; fileEncoding = 4; lastKnownFileType = sourcecode.c.objc; path = HomeViewController.m; sourceTree = "<group>"; };
		3D66EA8019CF132700432B20 /* LocationStore.h */ = {isa = PBXFileReference; fileEncoding = 4; lastKnownFileType = sourcecode.c.h; path = LocationStore.h; sourceTree = "<group>"; };
		3D66EA8119CF132700432B20 /* LocationStore.m */ = {isa = PBXFileReference; fileEncoding = 4; lastKnownFileType = sourcecode.c.objc; path = LocationStore.m; sourceTree = "<group>"; };
		3D6CCA7D19E2DD850049C4BE /* OutlineOverlay.h */ = {isa = PBXFileReference; fileEncoding = 4; lastKnownFileType = sourcecode.c.h; path = OutlineOverlay.h; sourceTree = "<group>"; };
		3D6CCA7E19E2DD850049C4BE /* OutlineOverlay.m */ = {isa = PBXFileReference; fileEncoding = 4; lastKnownFileType = sourcecode.c.objc; path = OutlineOverlay.m; sourceTree = "<group>"; };
		3D793A2519E87C9200BBAD68 /* OutlineOverlayRenderer.h */ = {isa = PBXFileReference; fileEncoding = 4; lastKnownFileType = sourcecode.c.h; name = OutlineOverlayRenderer.h; path = ../OutlineOverlayRenderer.h; sourceTree = "<group>"; };
		3D793A2619E87C9200BBAD68 /* OutlineOverlayRenderer.m */ = {isa = PBXFileReference; fileEncoding = 4; lastKnownFileType = sourcecode.c.objc; name = OutlineOverlayRenderer.m; path = ../OutlineOverlayRenderer.m; sourceTree = "<group>"; };
		3D8D6E4519D6488C00A31C10 /* Circle2.png */ = {isa = PBXFileReference; lastKnownFileType = image.png; path = Circle2.png; sourceTree = "<group>"; };
		3D8D6E4719D649F900A31C10 /* Circle3@2x.png */ = {isa = PBXFileReference; lastKnownFileType = image.png; path = "Circle3@2x.png"; sourceTree = "<group>"; };
		3DD04DED19D62C3D00F22A61 /* Circle.png */ = {isa = PBXFileReference; lastKnownFileType = image.png; name = Circle.png; path = ../Circle.png; sourceTree = "<group>"; };
		3DD81F0319B68BAA00794B17 /* HomeViewController.xib */ = {isa = PBXFileReference; fileEncoding = 4; lastKnownFileType = file.xib; name = HomeViewController.xib; path = ../HomeViewController.xib; sourceTree = "<group>"; };
		3DD81F0519B6A08D00794B17 /* MapKit.framework */ = {isa = PBXFileReference; lastKnownFileType = wrapper.framework; name = MapKit.framework; path = System/Library/Frameworks/MapKit.framework; sourceTree = SDKROOT; };
		3DF32E0E19FC22CB005AEA8B /* ExtrasViewController.h */ = {isa = PBXFileReference; fileEncoding = 4; lastKnownFileType = sourcecode.c.h; path = ExtrasViewController.h; sourceTree = "<group>"; };
		3DF32E0F19FC22CB005AEA8B /* ExtrasViewController.m */ = {isa = PBXFileReference; fileEncoding = 4; lastKnownFileType = sourcecode.c.objc; path = ExtrasViewController.m; sourceTree = "<group>"; };
		3DF32E1519FC3814005AEA8B /* compass@2x.png */ = {isa = PBXFileReference; lastKnownFileType = image.png; path = "compass@2x.png"; sourceTree = "<group>"; };
/* End PBXFileReference section */

/* Begin PBXFrameworksBuildPhase section */
		3D551AAD19AB82D00082C393 /* Frameworks */ = {
			isa = PBXFrameworksBuildPhase;
			buildActionMask = 2147483647;
			files = (
				3DD81F0619B6A08D00794B17 /* MapKit.framework in Frameworks */,
			);
			runOnlyForDeploymentPostprocessing = 0;
		};
		3D551AC619AB82D10082C393 /* Frameworks */ = {
			isa = PBXFrameworksBuildPhase;
			buildActionMask = 2147483647;
			files = (
			);
			runOnlyForDeploymentPostprocessing = 0;
		};
/* End PBXFrameworksBuildPhase section */

/* Begin PBXGroup section */
		3D551AA719AB82D00082C393 = {
			isa = PBXGroup;
			children = (
				3DD81F0519B6A08D00794B17 /* MapKit.framework */,
				3D551AB219AB82D10082C393 /* IAGuide */,
				3D551ACC19AB82D10082C393 /* IAGuideTests */,
				3D551AB119AB82D10082C393 /* Products */,
			);
			sourceTree = "<group>";
		};
		3D551AB119AB82D10082C393 /* Products */ = {
			isa = PBXGroup;
			children = (
				3D551AB019AB82D10082C393 /* IAGuide.app */,
				3D551AC919AB82D10082C393 /* IAGuideTests.xctest */,
			);
			name = Products;
			sourceTree = "<group>";
		};
		3D551AB219AB82D10082C393 /* IAGuide */ = {
			isa = PBXGroup;
			children = (
				3D551AB719AB82D10082C393 /* AppDelegate.h */,
				3D551AB819AB82D10082C393 /* AppDelegate.m */,
				3D368CBC19C5E7F400D043AD /* LaunchScreen.xib */,
				3DAFF91B19F6D894002605AE /* Overlay */,
				3DAFF91C19F6D8A1002605AE /* Locations */,
				3DAFF91D19F6D8AD002605AE /* Controller */,
				3DAFF91E19F6D8C0002605AE /* Images */,
				3D368D0019C5EC4F00D043AD /* Images.xcassets */,
				3D551AB319AB82D10082C393 /* Supporting Files */,
			);
			path = IAGuide;
			sourceTree = "<group>";
		};
		3D551AB319AB82D10082C393 /* Supporting Files */ = {
			isa = PBXGroup;
			children = (
				3D551AB419AB82D10082C393 /* Info.plist */,
				3D551AB519AB82D10082C393 /* main.m */,
			);
			name = "Supporting Files";
			sourceTree = "<group>";
		};
		3D551ACC19AB82D10082C393 /* IAGuideTests */ = {
			isa = PBXGroup;
			children = (
				3D551ACF19AB82D10082C393 /* IAGuideTests.m */,
				3D551ACD19AB82D10082C393 /* Supporting Files */,
			);
			path = IAGuideTests;
			sourceTree = "<group>";
		};
		3D551ACD19AB82D10082C393 /* Supporting Files */ = {
			isa = PBXGroup;
			children = (
				3D551ACE19AB82D10082C393 /* Info.plist */,
			);
			name = "Supporting Files";
			sourceTree = "<group>";
		};
		3DAFF91B19F6D894002605AE /* Overlay */ = {
			isa = PBXGroup;
			children = (
				3D6CCA7D19E2DD850049C4BE /* OutlineOverlay.h */,
				3D6CCA7E19E2DD850049C4BE /* OutlineOverlay.m */,
				3D793A2519E87C9200BBAD68 /* OutlineOverlayRenderer.h */,
				3D793A2619E87C9200BBAD68 /* OutlineOverlayRenderer.m */,
			);
			name = Overlay;
			sourceTree = "<group>";
		};
		3DAFF91C19F6D8A1002605AE /* Locations */ = {
			isa = PBXGroup;
			children = (
				3D2F267919D8C96200529954 /* Location.h */,
				3D2F267A19D8C96200529954 /* Location.m */,
				3D66EA8019CF132700432B20 /* LocationStore.h */,
				3D66EA8119CF132700432B20 /* LocationStore.m */,
			);
			name = Locations;
			sourceTree = "<group>";
		};
		3DAFF91D19F6D8AD002605AE /* Controller */ = {
			isa = PBXGroup;
			children = (
				3DF32E0E19FC22CB005AEA8B /* ExtrasViewController.h */,
				3DF32E0F19FC22CB005AEA8B /* ExtrasViewController.m */,
				3D0F690E19FDE12D0080DC35 /* ExtrasViewController.xib */,
				3D551AD919AB83E40082C393 /* HomeViewController.h */,
				3D551ADA19AB83E40082C393 /* HomeViewController.m */,
				3DD81F0319B68BAA00794B17 /* HomeViewController.xib */,
			);
			name = Controller;
			sourceTree = "<group>";
		};
		3DAFF91E19F6D8C0002605AE /* Images */ = {
			isa = PBXGroup;
			children = (
				3D0F691419FDE2420080DC35 /* procrastinate.png */,
				3D0F691219FDE2290080DC35 /* quizlet.png */,
				3D0F690C19FDDCE90080DC35 /* outline@2x.png */,
				3DF32E1519FC3814005AEA8B /* compass@2x.png */,
				3DD04DED19D62C3D00F22A61 /* Circle.png */,
				3D8D6E4519D6488C00A31C10 /* Circle2.png */,
				3D8D6E4719D649F900A31C10 /* Circle3@2x.png */,
				3D4E9FE819EEA6D400B75FCF /* outline.png */,
				3D0C6FE319FC1D9B0060C70C /* mapoutline2.png */,
			);
			name = Images;
			sourceTree = "<group>";
		};
/* End PBXGroup section */

/* Begin PBXNativeTarget section */
		3D551AAF19AB82D00082C393 /* IAGuide */ = {
			isa = PBXNativeTarget;
			buildConfigurationList = 3D551AD319AB82D10082C393 /* Build configuration list for PBXNativeTarget "IAGuide" */;
			buildPhases = (
				3D551AAC19AB82D00082C393 /* Sources */,
				3D551AAD19AB82D00082C393 /* Frameworks */,
				3D551AAE19AB82D00082C393 /* Resources */,
			);
			buildRules = (
			);
			dependencies = (
			);
			name = IAGuide;
			productName = IAGuide;
			productReference = 3D551AB019AB82D10082C393 /* IAGuide.app */;
			productType = "com.apple.product-type.application";
		};
		3D551AC819AB82D10082C393 /* IAGuideTests */ = {
			isa = PBXNativeTarget;
			buildConfigurationList = 3D551AD619AB82D10082C393 /* Build configuration list for PBXNativeTarget "IAGuideTests" */;
			buildPhases = (
				3D551AC519AB82D10082C393 /* Sources */,
				3D551AC619AB82D10082C393 /* Frameworks */,
				3D551AC719AB82D10082C393 /* Resources */,
			);
			buildRules = (
			);
			dependencies = (
				3D551ACB19AB82D10082C393 /* PBXTargetDependency */,
			);
			name = IAGuideTests;
			productName = IAGuideTests;
			productReference = 3D551AC919AB82D10082C393 /* IAGuideTests.xctest */;
			productType = "com.apple.product-type.bundle.unit-test";
		};
/* End PBXNativeTarget section */

/* Begin PBXProject section */
		3D551AA819AB82D00082C393 /* Project object */ = {
			isa = PBXProject;
			attributes = {
				LastUpgradeCheck = 0600;
				ORGANIZATIONNAME = "Omar Alejel";
				TargetAttributes = {
					3D551AAF19AB82D00082C393 = {
						CreatedOnToolsVersion = 6.0;
						DevelopmentTeam = DL7989H5XT;
					};
					3D551AC819AB82D10082C393 = {
						CreatedOnToolsVersion = 6.0;
						TestTargetID = 3D551AAF19AB82D00082C393;
					};
				};
			};
			buildConfigurationList = 3D551AAB19AB82D00082C393 /* Build configuration list for PBXProject "IAGuide" */;
			compatibilityVersion = "Xcode 3.2";
			developmentRegion = English;
			hasScannedForEncodings = 0;
			knownRegions = (
				en,
				Base,
			);
			mainGroup = 3D551AA719AB82D00082C393;
			productRefGroup = 3D551AB119AB82D10082C393 /* Products */;
			projectDirPath = "";
			projectRoot = "";
			targets = (
				3D551AAF19AB82D00082C393 /* IAGuide */,
				3D551AC819AB82D10082C393 /* IAGuideTests */,
			);
		};
/* End PBXProject section */

/* Begin PBXResourcesBuildPhase section */
		3D551AAE19AB82D00082C393 /* Resources */ = {
			isa = PBXResourcesBuildPhase;
			buildActionMask = 2147483647;
			files = (
				3D368D0119C5EC4F00D043AD /* Images.xcassets in Resources */,
				3D368CBD19C5E7F400D043AD /* LaunchScreen.xib in Resources */,
				3D0F691519FDE2420080DC35 /* procrastinate.png in Resources */,
				3D0C6FE419FC1D9B0060C70C /* mapoutline2.png in Resources */,
				3D0F690F19FDE12D0080DC35 /* ExtrasViewController.xib in Resources */,
				3DD81F0419B68BAA00794B17 /* HomeViewController.xib in Resources */,
				3DD04DEE19D62C3D00F22A61 /* Circle.png in Resources */,
				3D0F690D19FDDCE90080DC35 /* outline@2x.png in Resources */,
				3D8D6E4619D6488C00A31C10 /* Circle2.png in Resources */,
				3D0F691319FDE2290080DC35 /* quizlet.png in Resources */,
				3D4E9FE919EEA6D400B75FCF /* outline.png in Resources */,
				3D8D6E4819D649F900A31C10 /* Circle3@2x.png in Resources */,
				3DF32E1619FC3814005AEA8B /* compass@2x.png in Resources */,
			);
			runOnlyForDeploymentPostprocessing = 0;
		};
		3D551AC719AB82D10082C393 /* Resources */ = {
			isa = PBXResourcesBuildPhase;
			buildActionMask = 2147483647;
			files = (
			);
			runOnlyForDeploymentPostprocessing = 0;
		};
/* End PBXResourcesBuildPhase section */

/* Begin PBXSourcesBuildPhase section */
		3D551AAC19AB82D00082C393 /* Sources */ = {
			isa = PBXSourcesBuildPhase;
			buildActionMask = 2147483647;
			files = (
				3D793A2719E87C9200BBAD68 /* OutlineOverlayRenderer.m in Sources */,
				3D2F267B19D8C96200529954 /* Location.m in Sources */,
				3D551AB919AB82D10082C393 /* AppDelegate.m in Sources */,
				3D66EA8219CF132700432B20 /* LocationStore.m in Sources */,
				3D6CCA7F19E2DD850049C4BE /* OutlineOverlay.m in Sources */,
				3D551AB619AB82D10082C393 /* main.m in Sources */,
				3D551ADB19AB83E40082C393 /* HomeViewController.m in Sources */,
				3DF32E1019FC22CB005AEA8B /* ExtrasViewController.m in Sources */,
			);
			runOnlyForDeploymentPostprocessing = 0;
		};
		3D551AC519AB82D10082C393 /* Sources */ = {
			isa = PBXSourcesBuildPhase;
			buildActionMask = 2147483647;
			files = (
				3D551AD019AB82D10082C393 /* IAGuideTests.m in Sources */,
			);
			runOnlyForDeploymentPostprocessing = 0;
		};
/* End PBXSourcesBuildPhase section */

/* Begin PBXTargetDependency section */
		3D551ACB19AB82D10082C393 /* PBXTargetDependency */ = {
			isa = PBXTargetDependency;
			target = 3D551AAF19AB82D00082C393 /* IAGuide */;
			targetProxy = 3D551ACA19AB82D10082C393 /* PBXContainerItemProxy */;
		};
/* End PBXTargetDependency section */

/* Begin XCBuildConfiguration section */
		3D551AD119AB82D10082C393 /* Debug */ = {
			isa = XCBuildConfiguration;
			buildSettings = {
				ALWAYS_SEARCH_USER_PATHS = NO;
				CLANG_CXX_LANGUAGE_STANDARD = "gnu++0x";
				CLANG_CXX_LIBRARY = "libc++";
				CLANG_ENABLE_MODULES = YES;
				CLANG_ENABLE_OBJC_ARC = YES;
				CLANG_WARN_BOOL_CONVERSION = YES;
				CLANG_WARN_CONSTANT_CONVERSION = YES;
				CLANG_WARN_DIRECT_OBJC_ISA_USAGE = YES_ERROR;
				CLANG_WARN_EMPTY_BODY = YES;
				CLANG_WARN_ENUM_CONVERSION = YES;
				CLANG_WARN_INT_CONVERSION = YES;
				CLANG_WARN_OBJC_ROOT_CLASS = YES_ERROR;
				CLANG_WARN_UNREACHABLE_CODE = YES;
				CLANG_WARN__DUPLICATE_METHOD_MATCH = YES;
				"CODE_SIGN_IDENTITY[sdk=iphoneos*]" = "iPhone Developer";
				COPY_PHASE_STRIP = NO;
				ENABLE_STRICT_OBJC_MSGSEND = YES;
				GCC_C_LANGUAGE_STANDARD = gnu99;
				GCC_DYNAMIC_NO_PIC = NO;
				GCC_OPTIMIZATION_LEVEL = 0;
				GCC_PREPROCESSOR_DEFINITIONS = (
					"DEBUG=1",
					"$(inherited)",
				);
				GCC_SYMBOLS_PRIVATE_EXTERN = NO;
				GCC_WARN_64_TO_32_BIT_CONVERSION = YES;
				GCC_WARN_ABOUT_RETURN_TYPE = YES_ERROR;
				GCC_WARN_UNDECLARED_SELECTOR = YES;
				GCC_WARN_UNINITIALIZED_AUTOS = YES_AGGRESSIVE;
				GCC_WARN_UNUSED_FUNCTION = YES;
				GCC_WARN_UNUSED_VARIABLE = YES;
				IPHONEOS_DEPLOYMENT_TARGET = 8.0;
				MTL_ENABLE_DEBUG_INFO = YES;
				ONLY_ACTIVE_ARCH = YES;
				SDKROOT = iphoneos;
			};
			name = Debug;
		};
		3D551AD219AB82D10082C393 /* Release */ = {
			isa = XCBuildConfiguration;
			buildSettings = {
				ALWAYS_SEARCH_USER_PATHS = NO;
				CLANG_CXX_LANGUAGE_STANDARD = "gnu++0x";
				CLANG_CXX_LIBRARY = "libc++";
				CLANG_ENABLE_MODULES = YES;
				CLANG_ENABLE_OBJC_ARC = YES;
				CLANG_WARN_BOOL_CONVERSION = YES;
				CLANG_WARN_CONSTANT_CONVERSION = YES;
				CLANG_WARN_DIRECT_OBJC_ISA_USAGE = YES_ERROR;
				CLANG_WARN_EMPTY_BODY = YES;
				CLANG_WARN_ENUM_CONVERSION = YES;
				CLANG_WARN_INT_CONVERSION = YES;
				CLANG_WARN_OBJC_ROOT_CLASS = YES_ERROR;
				CLANG_WARN_UNREACHABLE_CODE = YES;
				CLANG_WARN__DUPLICATE_METHOD_MATCH = YES;
				"CODE_SIGN_IDENTITY[sdk=iphoneos*]" = "iPhone Developer";
				COPY_PHASE_STRIP = YES;
				ENABLE_NS_ASSERTIONS = NO;
				ENABLE_STRICT_OBJC_MSGSEND = YES;
				GCC_C_LANGUAGE_STANDARD = gnu99;
				GCC_WARN_64_TO_32_BIT_CONVERSION = YES;
				GCC_WARN_ABOUT_RETURN_TYPE = YES_ERROR;
				GCC_WARN_UNDECLARED_SELECTOR = YES;
				GCC_WARN_UNINITIALIZED_AUTOS = YES_AGGRESSIVE;
				GCC_WARN_UNUSED_FUNCTION = YES;
				GCC_WARN_UNUSED_VARIABLE = YES;
				IPHONEOS_DEPLOYMENT_TARGET = 8.0;
				MTL_ENABLE_DEBUG_INFO = NO;
				SDKROOT = iphoneos;
				VALIDATE_PRODUCT = YES;
			};
			name = Release;
		};
		3D551AD419AB82D10082C393 /* Debug */ = {
			isa = XCBuildConfiguration;
			buildSettings = {
				ASSETCATALOG_COMPILER_APPICON_NAME = AppIcon;
				CLANG_ENABLE_MODULES = YES;
				CODE_SIGN_IDENTITY = "iPhone Developer";
				"CODE_SIGN_IDENTITY[sdk=iphoneos*]" = "iPhone Developer";
				INFOPLIST_FILE = IAGuide/Info.plist;
				IPHONEOS_DEPLOYMENT_TARGET = 7.0;
				LD_RUNPATH_SEARCH_PATHS = "$(inherited) @executable_path/Frameworks";
				PRODUCT_NAME = "$(TARGET_NAME)";
				PROVISIONING_PROFILE = "";
				SWIFT_OPTIMIZATION_LEVEL = "-Onone";
				TARGETED_DEVICE_FAMILY = "1,2";
			};
			name = Debug;
		};
		3D551AD519AB82D10082C393 /* Release */ = {
			isa = XCBuildConfiguration;
			buildSettings = {
				ASSETCATALOG_COMPILER_APPICON_NAME = AppIcon;
				CLANG_ENABLE_MODULES = YES;
				CODE_SIGN_IDENTITY = "iPhone Developer";
				"CODE_SIGN_IDENTITY[sdk=iphoneos*]" = "iPhone Developer";
				INFOPLIST_FILE = IAGuide/Info.plist;
				IPHONEOS_DEPLOYMENT_TARGET = 7.0;
				LD_RUNPATH_SEARCH_PATHS = "$(inherited) @executable_path/Frameworks";
				PRODUCT_NAME = "$(TARGET_NAME)";
				PROVISIONING_PROFILE = "";
				TARGETED_DEVICE_FAMILY = "1,2";
			};
			name = Release;
		};
		3D551AD719AB82D10082C393 /* Debug */ = {
			isa = XCBuildConfiguration;
			buildSettings = {
				BUNDLE_LOADER = "$(TEST_HOST)";
				FRAMEWORK_SEARCH_PATHS = (
					"$(SDKROOT)/Developer/Library/Frameworks",
					"$(inherited)",
				);
				GCC_PREPROCESSOR_DEFINITIONS = (
					"DEBUG=1",
					"$(inherited)",
				);
				INFOPLIST_FILE = IAGuideTests/Info.plist;
				LD_RUNPATH_SEARCH_PATHS = "$(inherited) @executable_path/Frameworks @loader_path/Frameworks";
				PRODUCT_NAME = "$(TARGET_NAME)";
				TEST_HOST = "$(BUILT_PRODUCTS_DIR)/IAGuide.app/IAGuide";
			};
			name = Debug;
		};
		3D551AD819AB82D10082C393 /* Release */ = {
			isa = XCBuildConfiguration;
			buildSettings = {
				BUNDLE_LOADER = "$(TEST_HOST)";
				FRAMEWORK_SEARCH_PATHS = (
					"$(SDKROOT)/Developer/Library/Frameworks",
					"$(inherited)",
				);
				INFOPLIST_FILE = IAGuideTests/Info.plist;
				LD_RUNPATH_SEARCH_PATHS = "$(inherited) @executable_path/Frameworks @loader_path/Frameworks";
				PRODUCT_NAME = "$(TARGET_NAME)";
				TEST_HOST = "$(BUILT_PRODUCTS_DIR)/IAGuide.app/IAGuide";
			};
			name = Release;
		};
/* End XCBuildConfiguration section */

/* Begin XCConfigurationList section */
		3D551AAB19AB82D00082C393 /* Build configuration list for PBXProject "IAGuide" */ = {
			isa = XCConfigurationList;
			buildConfigurations = (
				3D551AD119AB82D10082C393 /* Debug */,
				3D551AD219AB82D10082C393 /* Release */,
			);
			defaultConfigurationIsVisible = 0;
			defaultConfigurationName = Release;
		};
		3D551AD319AB82D10082C393 /* Build configuration list for PBXNativeTarget "IAGuide" */ = {
			isa = XCConfigurationList;
			buildConfigurations = (
				3D551AD419AB82D10082C393 /* Debug */,
				3D551AD519AB82D10082C393 /* Release */,
			);
			defaultConfigurationIsVisible = 0;
			defaultConfigurationName = Release;
		};
		3D551AD619AB82D10082C393 /* Build configuration list for PBXNativeTarget "IAGuideTests" */ = {
			isa = XCConfigurationList;
			buildConfigurations = (
				3D551AD719AB82D10082C393 /* Debug */,
				3D551AD819AB82D10082C393 /* Release */,
			);
			defaultConfigurationIsVisible = 0;
			defaultConfigurationName = Release;
		};
/* End XCConfigurationList section */
	};
	rootObject = 3D551AA819AB82D00082C393 /* Project object */;
}
