// !$*UTF8*$!
{
	archiveVersion = 1;
	classes = {
	};
	objectVersion = 46;
	objects = {

/* Begin PBXBuildFile section */
		3D0647971B9C90070074B9FC /* SqueezeButton.swift in Sources */ = {isa = PBXBuildFile; fileRef = 3D0647961B9C90070074B9FC /* SqueezeButton.swift */; };
		3D0F690F19FDE12D0080DC35 /* ExtrasViewController.xib in Resources */ = {isa = PBXBuildFile; fileRef = 3D0F690E19FDE12D0080DC35 /* ExtrasViewController.xib */; };
		3D1524921A578D090006F9F4 /* ClassBlockViewContainer.m in Sources */ = {isa = PBXBuildFile; fileRef = 3D1524911A578D090006F9F4 /* ClassBlockViewContainer.m */; };
		3D1524941A578D820006F9F4 /* ClassBlockViewContainer.xib in Resources */ = {isa = PBXBuildFile; fileRef = 3D1524931A578D820006F9F4 /* ClassBlockViewContainer.xib */; };
		3D1784731A5EE5D200792E6E /* noschool@2x.png in Resources */ = {isa = PBXBuildFile; fileRef = 3D1784721A5EE5D200792E6E /* noschool@2x.png */; };
		3D1F8B941A36749C007173A8 /* more_selected@2x.png in Resources */ = {isa = PBXBuildFile; fileRef = 3D1F8B931A36749C007173A8 /* more_selected@2x.png */; };
		3D1F8B961A367706007173A8 /* star_selected@2x.png in Resources */ = {isa = PBXBuildFile; fileRef = 3D1F8B951A367706007173A8 /* star_selected@2x.png */; };
		3D24D3B61A5DF510008AC1AF /* ShortDays.plist in Resources */ = {isa = PBXBuildFile; fileRef = 3D24D3B51A5DF510008AC1AF /* ShortDays.plist */; };
		3D26ABF91B339BD800514279 /* __GuideViewController.swift in Sources */ = {isa = PBXBuildFile; fileRef = 3D26ABF81B339BD800514279 /* __GuideViewController.swift */; };
		3D2956A31D5BFF99002D834F /* GuideViewController.m in Sources */ = {isa = PBXBuildFile; fileRef = 3D8330391A0A7C3C00447A4D /* GuideViewController.m */; };
		3D2C3B881A354F900040B3E6 /* compass_sel@2x.png in Resources */ = {isa = PBXBuildFile; fileRef = 3D2C3B871A354F900040B3E6 /* compass_sel@2x.png */; };
		3D3D9D0F1AE1E5F2007F8945 /* digital-7 (mono).ttf in Resources */ = {isa = PBXBuildFile; fileRef = 3D3D9D0E1AE1E5F2007F8945 /* digital-7 (mono).ttf */; };
		3D4059121A3F4224004A7F79 /* mapoutline@2x.png in Resources */ = {isa = PBXBuildFile; fileRef = 3D4059111A3F4224004A7F79 /* mapoutline@2x.png */; };
		3D51838E1A0B9B7A00245E66 /* InfoViewController.m in Sources */ = {isa = PBXBuildFile; fileRef = 3D51838C1A0B9B7A00245E66 /* InfoViewController.m */; };
		3D51838F1A0B9B7A00245E66 /* InfoViewController.xib in Resources */ = {isa = PBXBuildFile; fileRef = 3D51838D1A0B9B7A00245E66 /* InfoViewController.xib */; };
		3D518C0E1A150E4B000BBCC9 /* Circle.png in Resources */ = {isa = PBXBuildFile; fileRef = 3D518C0D1A150E4B000BBCC9 /* Circle.png */; };
		3D551AB619AB82D10082C393 /* main.m in Sources */ = {isa = PBXBuildFile; fileRef = 3D551AB519AB82D10082C393 /* main.m */; };
		3D551AB919AB82D10082C393 /* AppDelegate.m in Sources */ = {isa = PBXBuildFile; fileRef = 3D551AB819AB82D10082C393 /* AppDelegate.m */; };
		3D551AD019AB82D10082C393 /* IAGuideTests.m in Sources */ = {isa = PBXBuildFile; fileRef = 3D551ACF19AB82D10082C393 /* IAGuideTests.m */; };
		3D551ADB19AB83E40082C393 /* MapViewController.m in Sources */ = {isa = PBXBuildFile; fileRef = 3D551ADA19AB83E40082C393 /* MapViewController.m */; };
		3D5C61271A46183C008E5B0C /* TodayManager.m in Sources */ = {isa = PBXBuildFile; fileRef = 3D5C61261A46183C008E5B0C /* TodayManager.m */; };
		3D5F9F411A226D30003EE125 /* DetailTableCell.m in Sources */ = {isa = PBXBuildFile; fileRef = 3D5F9F401A226D30003EE125 /* DetailTableCell.m */; };
		3D66EA8219CF132700432B20 /* LocationStore.m in Sources */ = {isa = PBXBuildFile; fileRef = 3D66EA8119CF132700432B20 /* LocationStore.m */; };
		3D6CFCC71A5A0F6500931143 /* ClassBlockView.m in Sources */ = {isa = PBXBuildFile; fileRef = 3D6CFCC61A5A0F6500931143 /* ClassBlockView.m */; };
		3D6CFCC91A5A0F9000931143 /* ClassBlockView.xib in Resources */ = {isa = PBXBuildFile; fileRef = 3D6CFCC81A5A0F9000931143 /* ClassBlockView.xib */; };
		3D793A2719E87C9200BBAD68 /* OutlineOverlayRenderer.m in Sources */ = {isa = PBXBuildFile; fileRef = 3D793A2619E87C9200BBAD68 /* OutlineOverlayRenderer.m */; };
		3D79969A1A3F26FA007CF0E5 /* MXLCalendar.m in Sources */ = {isa = PBXBuildFile; fileRef = 3D7996931A3F26FA007CF0E5 /* MXLCalendar.m */; };
		3D79969B1A3F26FA007CF0E5 /* MXLCalendarEvent.m in Sources */ = {isa = PBXBuildFile; fileRef = 3D7996951A3F26FA007CF0E5 /* MXLCalendarEvent.m */; };
		3D79969C1A3F26FA007CF0E5 /* MXLCalendarManager.m in Sources */ = {isa = PBXBuildFile; fileRef = 3D7996971A3F26FA007CF0E5 /* MXLCalendarManager.m */; };
		3D79969D1A3F26FA007CF0E5 /* NSTimeZone+ProperAbbreviation.m in Sources */ = {isa = PBXBuildFile; fileRef = 3D7996991A3F26FA007CF0E5 /* NSTimeZone+ProperAbbreviation.m */; };
		3D7FEE351AE04C76005F0A66 /* nextbday.png in Resources */ = {isa = PBXBuildFile; fileRef = 3D7FEE331AE04C76005F0A66 /* nextbday.png */; };
		3D7FEE361AE04C76005F0A66 /* nextaday.png in Resources */ = {isa = PBXBuildFile; fileRef = 3D7FEE341AE04C76005F0A66 /* nextaday.png */; };
		3D832AE81A5488D000174B61 /* Teachers.plist in Resources */ = {isa = PBXBuildFile; fileRef = 3D832AE71A5488D000174B61 /* Teachers.plist */; };
		3D83303C1A0A7C3C00447A4D /* GuideViewController.xib in Resources */ = {isa = PBXBuildFile; fileRef = 3D83303A1A0A7C3C00447A4D /* GuideViewController.xib */; };
		3D83B6CA1A0B129800480E2F /* aday.png in Resources */ = {isa = PBXBuildFile; fileRef = 3D83B6C71A0B129800480E2F /* aday.png */; };
		3D83B6CB1A0B129800480E2F /* bday.png in Resources */ = {isa = PBXBuildFile; fileRef = 3D83B6C81A0B129800480E2F /* bday.png */; };
		3D841F541A20040E004D8769 /* Classes.plist in Resources */ = {isa = PBXBuildFile; fileRef = 3D841F531A20040E004D8769 /* Classes.plist */; };
		3D8AE3701A3D31E10055A312 /* LocationTable.m in Sources */ = {isa = PBXBuildFile; fileRef = 3D8AE36F1A3D31E10055A312 /* LocationTable.m */; };
		3D943A421A89555E0041DC6D /* decal@2x.png in Resources */ = {isa = PBXBuildFile; fileRef = 3D943A411A89555E0041DC6D /* decal@2x.png */; };
		3D943A441A895A070041DC6D /* gradient@2x.png in Resources */ = {isa = PBXBuildFile; fileRef = 3D943A431A895A070041DC6D /* gradient@2x.png */; };
		3D96AAE41A8962550018D4F7 /* Images.xcassets in Resources */ = {isa = PBXBuildFile; fileRef = 3D96AAE31A8962550018D4F7 /* Images.xcassets */; };
		3D997CE71AD1803A003B4958 /* WebViewController.m in Sources */ = {isa = PBXBuildFile; fileRef = 3D997CE61AD1803A003B4958 /* WebViewController.m */; };
		3DA1E8561A361B19007E500B /* star@2x.png in Resources */ = {isa = PBXBuildFile; fileRef = 3DA1E8541A361B19007E500B /* star@2x.png */; };
		3DA1E8571A361B19007E500B /* more@2x.png in Resources */ = {isa = PBXBuildFile; fileRef = 3DA1E8551A361B19007E500B /* more@2x.png */; };
		3DA1E8591A361B72007E500B /* compass@2x.png in Resources */ = {isa = PBXBuildFile; fileRef = 3DA1E8581A361B72007E500B /* compass@2x.png */; };
		3DA1E85B1A361CEB007E500B /* trophy@2x.png in Resources */ = {isa = PBXBuildFile; fileRef = 3DA1E85A1A361CEB007E500B /* trophy@2x.png */; };
		3DA36BA81A5C7BDF00C369CA /* Location.swift in Sources */ = {isa = PBXBuildFile; fileRef = 3DA36BA71A5C7BDF00C369CA /* Location.swift */; };
		3DC05ACF1B5DEBC200F4C9CF /* GlassScrollController.swift in Sources */ = {isa = PBXBuildFile; fileRef = 3DC05ACE1B5DEBC200F4C9CF /* GlassScrollController.swift */; };
		3DC2214E1ADD92E500158C7D /* swift.png in Resources */ = {isa = PBXBuildFile; fileRef = 3DC2214D1ADD92E500158C7D /* swift.png */; };
		3DC221501ADD935200158C7D /* next.png in Resources */ = {isa = PBXBuildFile; fileRef = 3DC2214F1ADD935200158C7D /* next.png */; };
		3DC2215A1ADDA26400158C7D /* noconnection@2x.png in Resources */ = {isa = PBXBuildFile; fileRef = 3DC221591ADDA26400158C7D /* noconnection@2x.png */; };
		3DC2216F1ADDD9EC00158C7D /* notpressed@2x.png in Resources */ = {isa = PBXBuildFile; fileRef = 3DC2216D1ADDD9EC00158C7D /* notpressed@2x.png */; };
		3DC221701ADDD9EC00158C7D /* pressed@2x.png in Resources */ = {isa = PBXBuildFile; fileRef = 3DC2216E1ADDD9EC00158C7D /* pressed@2x.png */; };
		3DD81F0419B68BAA00794B17 /* MapViewController.xib in Resources */ = {isa = PBXBuildFile; fileRef = 3DD81F0319B68BAA00794B17 /* MapViewController.xib */; };
		3DD81F0619B6A08D00794B17 /* MapKit.framework in Frameworks */ = {isa = PBXBuildFile; fileRef = 3DD81F0519B6A08D00794B17 /* MapKit.framework */; };
		3DEF22C71A15615300FBED5C /* toggle.png in Resources */ = {isa = PBXBuildFile; fileRef = 3DEF22C61A15615300FBED5C /* toggle.png */; };
		3DF32E1019FC22CB005AEA8B /* ExtrasViewController.m in Sources */ = {isa = PBXBuildFile; fileRef = 3DF32E0F19FC22CB005AEA8B /* ExtrasViewController.m */; };
		3DFD8BD71A350ED000279A2E /* OlympicsViewController.m in Sources */ = {isa = PBXBuildFile; fileRef = 3DFD8BD51A350ED000279A2E /* OlympicsViewController.m */; };
		3DFD8BD81A350ED000279A2E /* OlympicsViewController.xib in Resources */ = {isa = PBXBuildFile; fileRef = 3DFD8BD61A350ED000279A2E /* OlympicsViewController.xib */; };
/* End PBXBuildFile section */

/* Begin PBXContainerItemProxy section */
		3D551ACA19AB82D10082C393 /* PBXContainerItemProxy */ = {
			isa = PBXContainerItemProxy;
			containerPortal = 3D551AA819AB82D00082C393 /* Project object */;
			proxyType = 1;
			remoteGlobalIDString = 3D551AAF19AB82D00082C393;
			remoteInfo = IAGuide;
		};
/* End PBXContainerItemProxy section */

/* Begin PBXCopyFilesBuildPhase section */
		3D4416E41C05036700329AA0 /* Embed App Extensions */ = {
			isa = PBXCopyFilesBuildPhase;
			buildActionMask = 2147483647;
			dstPath = "";
			dstSubfolderSpec = 13;
			files = (
			);
			name = "Embed App Extensions";
			runOnlyForDeploymentPostprocessing = 0;
		};
		3DD0828B1BE180D700A0F5E4 /* Embed Watch Content */ = {
			isa = PBXCopyFilesBuildPhase;
			buildActionMask = 2147483647;
			dstPath = "$(CONTENTS_FOLDER_PATH)/Watch";
			dstSubfolderSpec = 16;
			files = (
			);
			name = "Embed Watch Content";
			runOnlyForDeploymentPostprocessing = 0;
		};
/* End PBXCopyFilesBuildPhase section */

/* Begin PBXFileReference section */
		3D0647961B9C90070074B9FC /* SqueezeButton.swift */ = {isa = PBXFileReference; fileEncoding = 4; lastKnownFileType = sourcecode.swift; path = SqueezeButton.swift; sourceTree = "<group>"; };
		3D0F690E19FDE12D0080DC35 /* ExtrasViewController.xib */ = {isa = PBXFileReference; fileEncoding = 4; lastKnownFileType = file.xib; path = ExtrasViewController.xib; sourceTree = "<group>"; };
		3D1524901A578D090006F9F4 /* ClassBlockViewContainer.h */ = {isa = PBXFileReference; fileEncoding = 4; lastKnownFileType = sourcecode.c.h; path = ClassBlockViewContainer.h; sourceTree = "<group>"; };
		3D1524911A578D090006F9F4 /* ClassBlockViewContainer.m */ = {isa = PBXFileReference; fileEncoding = 4; lastKnownFileType = sourcecode.c.objc; path = ClassBlockViewContainer.m; sourceTree = "<group>"; };
		3D1524931A578D820006F9F4 /* ClassBlockViewContainer.xib */ = {isa = PBXFileReference; fileEncoding = 4; lastKnownFileType = file.xib; path = ClassBlockViewContainer.xib; sourceTree = "<group>"; };
		3D1784721A5EE5D200792E6E /* noschool@2x.png */ = {isa = PBXFileReference; lastKnownFileType = image.png; path = "noschool@2x.png"; sourceTree = "<group>"; };
		3D1F8B931A36749C007173A8 /* more_selected@2x.png */ = {isa = PBXFileReference; lastKnownFileType = image.png; path = "more_selected@2x.png"; sourceTree = "<group>"; };
		3D1F8B951A367706007173A8 /* star_selected@2x.png */ = {isa = PBXFileReference; lastKnownFileType = image.png; path = "star_selected@2x.png"; sourceTree = "<group>"; };
		3D24D3B51A5DF510008AC1AF /* ShortDays.plist */ = {isa = PBXFileReference; fileEncoding = 4; lastKnownFileType = text.plist.xml; path = ShortDays.plist; sourceTree = "<group>"; };
		3D26ABF81B339BD800514279 /* __GuideViewController.swift */ = {isa = PBXFileReference; fileEncoding = 4; lastKnownFileType = sourcecode.swift; path = __GuideViewController.swift; sourceTree = "<group>"; };
		3D2C3B871A354F900040B3E6 /* compass_sel@2x.png */ = {isa = PBXFileReference; lastKnownFileType = image.png; path = "compass_sel@2x.png"; sourceTree = "<group>"; };
		3D3D9D0E1AE1E5F2007F8945 /* digital-7 (mono).ttf */ = {isa = PBXFileReference; lastKnownFileType = file; path = "digital-7 (mono).ttf"; sourceTree = "<group>"; };
		3D4059111A3F4224004A7F79 /* mapoutline@2x.png */ = {isa = PBXFileReference; lastKnownFileType = image.png; path = "mapoutline@2x.png"; sourceTree = "<group>"; };
		3D4416D51C05036600329AA0 /* NotificationCenter.framework */ = {isa = PBXFileReference; lastKnownFileType = wrapper.framework; name = NotificationCenter.framework; path = System/Library/Frameworks/NotificationCenter.framework; sourceTree = SDKROOT; };
		3D51838B1A0B9B7A00245E66 /* InfoViewController.h */ = {isa = PBXFileReference; fileEncoding = 4; lastKnownFileType = sourcecode.c.h; path = InfoViewController.h; sourceTree = "<group>"; };
		3D51838C1A0B9B7A00245E66 /* InfoViewController.m */ = {isa = PBXFileReference; fileEncoding = 4; lastKnownFileType = sourcecode.c.objc; path = InfoViewController.m; sourceTree = "<group>"; };
		3D51838D1A0B9B7A00245E66 /* InfoViewController.xib */ = {isa = PBXFileReference; fileEncoding = 4; lastKnownFileType = file.xib; path = InfoViewController.xib; sourceTree = "<group>"; };
		3D518C0D1A150E4B000BBCC9 /* Circle.png */ = {isa = PBXFileReference; lastKnownFileType = image.png; path = Circle.png; sourceTree = "<group>"; };
		3D551AB019AB82D10082C393 /* IAGuide.app */ = {isa = PBXFileReference; explicitFileType = wrapper.application; includeInIndex = 0; path = IAGuide.app; sourceTree = BUILT_PRODUCTS_DIR; };
		3D551AB419AB82D10082C393 /* Info.plist */ = {isa = PBXFileReference; lastKnownFileType = text.plist.xml; path = Info.plist; sourceTree = "<group>"; };
		3D551AB519AB82D10082C393 /* main.m */ = {isa = PBXFileReference; lastKnownFileType = sourcecode.c.objc; path = main.m; sourceTree = "<group>"; };
		3D551AB719AB82D10082C393 /* AppDelegate.h */ = {isa = PBXFileReference; lastKnownFileType = sourcecode.c.h; path = AppDelegate.h; sourceTree = "<group>"; };
		3D551AB819AB82D10082C393 /* AppDelegate.m */ = {isa = PBXFileReference; lastKnownFileType = sourcecode.c.objc; path = AppDelegate.m; sourceTree = "<group>"; };
		3D551AC919AB82D10082C393 /* IAGuideTests.xctest */ = {isa = PBXFileReference; explicitFileType = wrapper.cfbundle; includeInIndex = 0; path = IAGuideTests.xctest; sourceTree = BUILT_PRODUCTS_DIR; };
		3D551ACE19AB82D10082C393 /* Info.plist */ = {isa = PBXFileReference; lastKnownFileType = text.plist.xml; path = Info.plist; sourceTree = "<group>"; };
		3D551ACF19AB82D10082C393 /* IAGuideTests.m */ = {isa = PBXFileReference; lastKnownFileType = sourcecode.c.objc; path = IAGuideTests.m; sourceTree = "<group>"; };
		3D551AD919AB83E40082C393 /* MapViewController.h */ = {isa = PBXFileReference; fileEncoding = 4; lastKnownFileType = sourcecode.c.h; path = MapViewController.h; sourceTree = "<group>"; };
		3D551ADA19AB83E40082C393 /* MapViewController.m */ = {isa = PBXFileReference; fileEncoding = 4; lastKnownFileType = sourcecode.c.objc; path = MapViewController.m; sourceTree = "<group>"; };
		3D5C61251A46183C008E5B0C /* TodayManager.h */ = {isa = PBXFileReference; fileEncoding = 4; lastKnownFileType = sourcecode.c.h; path = TodayManager.h; sourceTree = "<group>"; };
		3D5C61261A46183C008E5B0C /* TodayManager.m */ = {isa = PBXFileReference; fileEncoding = 4; lastKnownFileType = sourcecode.c.objc; path = TodayManager.m; sourceTree = "<group>"; };
		3D5F9F3F1A226D30003EE125 /* DetailTableCell.h */ = {isa = PBXFileReference; fileEncoding = 4; lastKnownFileType = sourcecode.c.h; path = DetailTableCell.h; sourceTree = "<group>"; };
		3D5F9F401A226D30003EE125 /* DetailTableCell.m */ = {isa = PBXFileReference; fileEncoding = 4; lastKnownFileType = sourcecode.c.objc; path = DetailTableCell.m; sourceTree = "<group>"; };
		3D66EA8019CF132700432B20 /* LocationStore.h */ = {isa = PBXFileReference; fileEncoding = 4; lastKnownFileType = sourcecode.c.h; path = LocationStore.h; sourceTree = "<group>"; };
		3D66EA8119CF132700432B20 /* LocationStore.m */ = {isa = PBXFileReference; fileEncoding = 4; lastKnownFileType = sourcecode.c.objc; path = LocationStore.m; sourceTree = "<group>"; };
		3D6CFCC51A5A0F6500931143 /* ClassBlockView.h */ = {isa = PBXFileReference; fileEncoding = 4; lastKnownFileType = sourcecode.c.h; path = ClassBlockView.h; sourceTree = "<group>"; };
		3D6CFCC61A5A0F6500931143 /* ClassBlockView.m */ = {isa = PBXFileReference; fileEncoding = 4; lastKnownFileType = sourcecode.c.objc; path = ClassBlockView.m; sourceTree = "<group>"; };
		3D6CFCC81A5A0F9000931143 /* ClassBlockView.xib */ = {isa = PBXFileReference; fileEncoding = 4; lastKnownFileType = file.xib; path = ClassBlockView.xib; sourceTree = "<group>"; };
		3D793A2519E87C9200BBAD68 /* OutlineOverlayRenderer.h */ = {isa = PBXFileReference; fileEncoding = 4; lastKnownFileType = sourcecode.c.h; name = OutlineOverlayRenderer.h; path = ../OutlineOverlayRenderer.h; sourceTree = "<group>"; };
		3D793A2619E87C9200BBAD68 /* OutlineOverlayRenderer.m */ = {isa = PBXFileReference; fileEncoding = 4; lastKnownFileType = sourcecode.c.objc; name = OutlineOverlayRenderer.m; path = ../OutlineOverlayRenderer.m; sourceTree = "<group>"; };
		3D7996921A3F26FA007CF0E5 /* MXLCalendar.h */ = {isa = PBXFileReference; fileEncoding = 4; lastKnownFileType = sourcecode.c.h; path = MXLCalendar.h; sourceTree = "<group>"; };
		3D7996931A3F26FA007CF0E5 /* MXLCalendar.m */ = {isa = PBXFileReference; fileEncoding = 4; lastKnownFileType = sourcecode.c.objc; path = MXLCalendar.m; sourceTree = "<group>"; };
		3D7996941A3F26FA007CF0E5 /* MXLCalendarEvent.h */ = {isa = PBXFileReference; fileEncoding = 4; lastKnownFileType = sourcecode.c.h; path = MXLCalendarEvent.h; sourceTree = "<group>"; };
		3D7996951A3F26FA007CF0E5 /* MXLCalendarEvent.m */ = {isa = PBXFileReference; fileEncoding = 4; lastKnownFileType = sourcecode.c.objc; path = MXLCalendarEvent.m; sourceTree = "<group>"; };
		3D7996961A3F26FA007CF0E5 /* MXLCalendarManager.h */ = {isa = PBXFileReference; fileEncoding = 4; lastKnownFileType = sourcecode.c.h; path = MXLCalendarManager.h; sourceTree = "<group>"; };
		3D7996971A3F26FA007CF0E5 /* MXLCalendarManager.m */ = {isa = PBXFileReference; fileEncoding = 4; lastKnownFileType = sourcecode.c.objc; path = MXLCalendarManager.m; sourceTree = "<group>"; };
		3D7996981A3F26FA007CF0E5 /* NSTimeZone+ProperAbbreviation.h */ = {isa = PBXFileReference; fileEncoding = 4; lastKnownFileType = sourcecode.c.h; path = "NSTimeZone+ProperAbbreviation.h"; sourceTree = "<group>"; };
		3D7996991A3F26FA007CF0E5 /* NSTimeZone+ProperAbbreviation.m */ = {isa = PBXFileReference; fileEncoding = 4; lastKnownFileType = sourcecode.c.objc; path = "NSTimeZone+ProperAbbreviation.m"; sourceTree = "<group>"; };
		3D7FEE331AE04C76005F0A66 /* nextbday.png */ = {isa = PBXFileReference; lastKnownFileType = image.png; path = nextbday.png; sourceTree = "<group>"; };
		3D7FEE341AE04C76005F0A66 /* nextaday.png */ = {isa = PBXFileReference; lastKnownFileType = image.png; path = nextaday.png; sourceTree = "<group>"; };
		3D832AE71A5488D000174B61 /* Teachers.plist */ = {isa = PBXFileReference; fileEncoding = 4; lastKnownFileType = text.plist.xml; path = Teachers.plist; sourceTree = "<group>"; };
		3D8330381A0A7C3C00447A4D /* GuideViewController.h */ = {isa = PBXFileReference; fileEncoding = 4; lastKnownFileType = sourcecode.c.h; path = GuideViewController.h; sourceTree = "<group>"; };
		3D8330391A0A7C3C00447A4D /* GuideViewController.m */ = {isa = PBXFileReference; fileEncoding = 4; lastKnownFileType = sourcecode.c.objc; path = GuideViewController.m; sourceTree = "<group>"; };
		3D83303A1A0A7C3C00447A4D /* GuideViewController.xib */ = {isa = PBXFileReference; fileEncoding = 4; lastKnownFileType = file.xib; path = GuideViewController.xib; sourceTree = "<group>"; };
		3D83B6C71A0B129800480E2F /* aday.png */ = {isa = PBXFileReference; lastKnownFileType = image.png; path = aday.png; sourceTree = "<group>"; };
		3D83B6C81A0B129800480E2F /* bday.png */ = {isa = PBXFileReference; lastKnownFileType = image.png; path = bday.png; sourceTree = "<group>"; };
		3D841F531A20040E004D8769 /* Classes.plist */ = {isa = PBXFileReference; fileEncoding = 4; lastKnownFileType = text.plist.xml; path = Classes.plist; sourceTree = "<group>"; };
		3D8AE36E1A3D31E10055A312 /* LocationTable.h */ = {isa = PBXFileReference; fileEncoding = 4; lastKnownFileType = sourcecode.c.h; path = LocationTable.h; sourceTree = "<group>"; };
		3D8AE36F1A3D31E10055A312 /* LocationTable.m */ = {isa = PBXFileReference; fileEncoding = 4; lastKnownFileType = sourcecode.c.objc; path = LocationTable.m; sourceTree = "<group>"; };
		3D943A411A89555E0041DC6D /* decal@2x.png */ = {isa = PBXFileReference; lastKnownFileType = image.png; path = "decal@2x.png"; sourceTree = "<group>"; };
		3D943A431A895A070041DC6D /* gradient@2x.png */ = {isa = PBXFileReference; lastKnownFileType = image.png; path = "gradient@2x.png"; sourceTree = "<group>"; };
		3D96AAE31A8962550018D4F7 /* Images.xcassets */ = {isa = PBXFileReference; lastKnownFileType = folder.assetcatalog; path = Images.xcassets; sourceTree = "<group>"; };
		3D997CE51AD1803A003B4958 /* WebViewController.h */ = {isa = PBXFileReference; fileEncoding = 4; lastKnownFileType = sourcecode.c.h; path = WebViewController.h; sourceTree = "<group>"; };
		3D997CE61AD1803A003B4958 /* WebViewController.m */ = {isa = PBXFileReference; fileEncoding = 4; lastKnownFileType = sourcecode.c.objc; path = WebViewController.m; sourceTree = "<group>"; };
		3DA1E8541A361B19007E500B /* star@2x.png */ = {isa = PBXFileReference; lastKnownFileType = image.png; path = "star@2x.png"; sourceTree = "<group>"; };
		3DA1E8551A361B19007E500B /* more@2x.png */ = {isa = PBXFileReference; lastKnownFileType = image.png; path = "more@2x.png"; sourceTree = "<group>"; };
		3DA1E8581A361B72007E500B /* compass@2x.png */ = {isa = PBXFileReference; lastKnownFileType = image.png; path = "compass@2x.png"; sourceTree = "<group>"; };
		3DA1E85A1A361CEB007E500B /* trophy@2x.png */ = {isa = PBXFileReference; lastKnownFileType = image.png; path = "trophy@2x.png"; sourceTree = "<group>"; };
		3DA36BA71A5C7BDF00C369CA /* Location.swift */ = {isa = PBXFileReference; fileEncoding = 4; lastKnownFileType = sourcecode.swift; path = Location.swift; sourceTree = "<group>"; };
		3DA36BB31A5C8DDD00C369CA /* IAGuide-Bridging-Header.h */ = {isa = PBXFileReference; fileEncoding = 4; lastKnownFileType = sourcecode.c.h; path = "IAGuide-Bridging-Header.h"; sourceTree = "<group>"; };
		3DC05ACE1B5DEBC200F4C9CF /* GlassScrollController.swift */ = {isa = PBXFileReference; fileEncoding = 4; lastKnownFileType = sourcecode.swift; path = GlassScrollController.swift; sourceTree = "<group>"; };
		3DC2214D1ADD92E500158C7D /* swift.png */ = {isa = PBXFileReference; lastKnownFileType = image.png; path = swift.png; sourceTree = "<group>"; };
		3DC2214F1ADD935200158C7D /* next.png */ = {isa = PBXFileReference; lastKnownFileType = image.png; path = next.png; sourceTree = "<group>"; };
		3DC221591ADDA26400158C7D /* noconnection@2x.png */ = {isa = PBXFileReference; lastKnownFileType = image.png; path = "noconnection@2x.png"; sourceTree = "<group>"; };
		3DC2216D1ADDD9EC00158C7D /* notpressed@2x.png */ = {isa = PBXFileReference; lastKnownFileType = image.png; path = "notpressed@2x.png"; sourceTree = "<group>"; };
		3DC2216E1ADDD9EC00158C7D /* pressed@2x.png */ = {isa = PBXFileReference; lastKnownFileType = image.png; path = "pressed@2x.png"; sourceTree = "<group>"; };
		3DD81F0319B68BAA00794B17 /* MapViewController.xib */ = {isa = PBXFileReference; fileEncoding = 4; lastKnownFileType = file.xib; name = MapViewController.xib; path = ../MapViewController.xib; sourceTree = "<group>"; };
		3DD81F0519B6A08D00794B17 /* MapKit.framework */ = {isa = PBXFileReference; lastKnownFileType = wrapper.framework; name = MapKit.framework; path = System/Library/Frameworks/MapKit.framework; sourceTree = SDKROOT; };
		3DEF22C61A15615300FBED5C /* toggle.png */ = {isa = PBXFileReference; lastKnownFileType = image.png; path = toggle.png; sourceTree = "<group>"; };
		3DF32E0E19FC22CB005AEA8B /* ExtrasViewController.h */ = {isa = PBXFileReference; fileEncoding = 4; lastKnownFileType = sourcecode.c.h; path = ExtrasViewController.h; sourceTree = "<group>"; };
		3DF32E0F19FC22CB005AEA8B /* ExtrasViewController.m */ = {isa = PBXFileReference; fileEncoding = 4; lastKnownFileType = sourcecode.c.objc; path = ExtrasViewController.m; sourceTree = "<group>"; };
		3DFD8BD41A350ED000279A2E /* OlympicsViewController.h */ = {isa = PBXFileReference; fileEncoding = 4; lastKnownFileType = sourcecode.c.h; path = OlympicsViewController.h; sourceTree = "<group>"; };
		3DFD8BD51A350ED000279A2E /* OlympicsViewController.m */ = {isa = PBXFileReference; fileEncoding = 4; lastKnownFileType = sourcecode.c.objc; path = OlympicsViewController.m; sourceTree = "<group>"; tabWidth = 4; };
		3DFD8BD61A350ED000279A2E /* OlympicsViewController.xib */ = {isa = PBXFileReference; fileEncoding = 4; lastKnownFileType = file.xib; path = OlympicsViewController.xib; sourceTree = "<group>"; };
/* End PBXFileReference section */

/* Begin PBXFrameworksBuildPhase section */
		3D551AAD19AB82D00082C393 /* Frameworks */ = {
			isa = PBXFrameworksBuildPhase;
			buildActionMask = 2147483647;
			files = (
				3DD81F0619B6A08D00794B17 /* MapKit.framework in Frameworks */,
			);
			runOnlyForDeploymentPostprocessing = 0;
		};
		3D551AC619AB82D10082C393 /* Frameworks */ = {
			isa = PBXFrameworksBuildPhase;
			buildActionMask = 2147483647;
			files = (
			);
			runOnlyForDeploymentPostprocessing = 0;
		};
/* End PBXFrameworksBuildPhase section */

/* Begin PBXGroup section */
		3D187B411A3548E50051B3FA /* Other */ = {
			isa = PBXGroup;
			children = (
				3D5F9F3F1A226D30003EE125 /* DetailTableCell.h */,
				3D5F9F401A226D30003EE125 /* DetailTableCell.m */,
				3D7996911A3F26FA007CF0E5 /* iCalendar feed processor */,
			);
			name = Other;
			sourceTree = "<group>";
		};
		3D24D3B41A5DE94C008AC1AF /* Model */ = {
			isa = PBXGroup;
			children = (
				3D5C61251A46183C008E5B0C /* TodayManager.h */,
				3D5C61261A46183C008E5B0C /* TodayManager.m */,
			);
			name = Model;
			sourceTree = "<group>";
		};
		3D4416D41C05036600329AA0 /* Frameworks */ = {
			isa = PBXGroup;
			children = (
				3D4416D51C05036600329AA0 /* NotificationCenter.framework */,
			);
			name = Frameworks;
			sourceTree = "<group>";
		};
		3D551AA719AB82D00082C393 = {
			isa = PBXGroup;
			children = (
				3DD81F0519B6A08D00794B17 /* MapKit.framework */,
				3D551AB219AB82D10082C393 /* IAGuide */,
				3D551ACC19AB82D10082C393 /* IAGuideTests */,
				3D4416D41C05036600329AA0 /* Frameworks */,
				3D551AB119AB82D10082C393 /* Products */,
			);
			sourceTree = "<group>";
		};
		3D551AB119AB82D10082C393 /* Products */ = {
			isa = PBXGroup;
			children = (
				3D551AB019AB82D10082C393 /* IAGuide.app */,
				3D551AC919AB82D10082C393 /* IAGuideTests.xctest */,
			);
			name = Products;
			sourceTree = "<group>";
		};
		3D551AB219AB82D10082C393 /* IAGuide */ = {
			isa = PBXGroup;
			children = (
				3DC05ACE1B5DEBC200F4C9CF /* GlassScrollController.swift */,
				3D3D9D0E1AE1E5F2007F8945 /* digital-7 (mono).ttf */,
				3D551AB719AB82D10082C393 /* AppDelegate.h */,
				3D551AB819AB82D10082C393 /* AppDelegate.m */,
				3DA36BA71A5C7BDF00C369CA /* Location.swift */,
				3DA36BB31A5C8DDD00C369CA /* IAGuide-Bridging-Header.h */,
				3DA36BB41A5C95B500C369CA /* Guide */,
				3DAFF91C19F6D8A1002605AE /* Map */,
				3D7FEE371AE068D2005F0A66 /* Olympics */,
				3DA36BB51A5C99BA00C369CA /* Extras */,
				3D187B411A3548E50051B3FA /* Other */,
				3DAFF91E19F6D8C0002605AE /* Images */,
				3D96AAE31A8962550018D4F7 /* Images.xcassets */,
				3D551AB319AB82D10082C393 /* Supporting Files */,
			);
			path = IAGuide;
			sourceTree = "<group>";
		};
		3D551AB319AB82D10082C393 /* Supporting Files */ = {
			isa = PBXGroup;
			children = (
				3D24D3B51A5DF510008AC1AF /* ShortDays.plist */,
				3D841F531A20040E004D8769 /* Classes.plist */,
				3D832AE71A5488D000174B61 /* Teachers.plist */,
				3D551AB419AB82D10082C393 /* Info.plist */,
				3D551AB519AB82D10082C393 /* main.m */,
			);
			name = "Supporting Files";
			sourceTree = "<group>";
		};
		3D551ACC19AB82D10082C393 /* IAGuideTests */ = {
			isa = PBXGroup;
			children = (
				3D551ACF19AB82D10082C393 /* IAGuideTests.m */,
				3D551ACD19AB82D10082C393 /* Supporting Files */,
			);
			path = IAGuideTests;
			sourceTree = "<group>";
		};
		3D551ACD19AB82D10082C393 /* Supporting Files */ = {
			isa = PBXGroup;
			children = (
				3D551ACE19AB82D10082C393 /* Info.plist */,
			);
			name = "Supporting Files";
			sourceTree = "<group>";
		};
		3D7996911A3F26FA007CF0E5 /* iCalendar feed processor */ = {
			isa = PBXGroup;
			children = (
				3D7996921A3F26FA007CF0E5 /* MXLCalendar.h */,
				3D7996931A3F26FA007CF0E5 /* MXLCalendar.m */,
				3D7996941A3F26FA007CF0E5 /* MXLCalendarEvent.h */,
				3D7996951A3F26FA007CF0E5 /* MXLCalendarEvent.m */,
				3D7996961A3F26FA007CF0E5 /* MXLCalendarManager.h */,
				3D7996971A3F26FA007CF0E5 /* MXLCalendarManager.m */,
				3D7996981A3F26FA007CF0E5 /* NSTimeZone+ProperAbbreviation.h */,
				3D7996991A3F26FA007CF0E5 /* NSTimeZone+ProperAbbreviation.m */,
			);
			name = "iCalendar feed processor";
			path = MXLCalendarManager;
			sourceTree = "<group>";
		};
		3D7FEE371AE068D2005F0A66 /* Olympics */ = {
			isa = PBXGroup;
			children = (
				3DFD8BD41A350ED000279A2E /* OlympicsViewController.h */,
				3DFD8BD51A350ED000279A2E /* OlympicsViewController.m */,
				3DFD8BD61A350ED000279A2E /* OlympicsViewController.xib */,
				3D997CE51AD1803A003B4958 /* WebViewController.h */,
				3D997CE61AD1803A003B4958 /* WebViewController.m */,
			);
			name = Olympics;
			sourceTree = "<group>";
		};
		3DA36BB41A5C95B500C369CA /* Guide */ = {
			isa = PBXGroup;
			children = (
				3DA36BB61A5C9A3900C369CA /* ViewController */,
				3DA36BB71A5C9A5100C369CA /* View */,
				3D24D3B41A5DE94C008AC1AF /* Model */,
			);
			name = Guide;
			sourceTree = "<group>";
		};
		3DA36BB51A5C99BA00C369CA /* Extras */ = {
			isa = PBXGroup;
			children = (
				3D0647961B9C90070074B9FC /* SqueezeButton.swift */,
				3DF32E0E19FC22CB005AEA8B /* ExtrasViewController.h */,
				3DF32E0F19FC22CB005AEA8B /* ExtrasViewController.m */,
				3D0F690E19FDE12D0080DC35 /* ExtrasViewController.xib */,
			);
			name = Extras;
			sourceTree = "<group>";
		};
		3DA36BB61A5C9A3900C369CA /* ViewController */ = {
			isa = PBXGroup;
			children = (
				3D26ABF81B339BD800514279 /* __GuideViewController.swift */,
				3D8330381A0A7C3C00447A4D /* GuideViewController.h */,
				3D8330391A0A7C3C00447A4D /* GuideViewController.m */,
				3D83303A1A0A7C3C00447A4D /* GuideViewController.xib */,
			);
			name = ViewController;
			sourceTree = "<group>";
		};
		3DA36BB71A5C9A5100C369CA /* View */ = {
			isa = PBXGroup;
			children = (
				3D1524901A578D090006F9F4 /* ClassBlockViewContainer.h */,
				3D1524911A578D090006F9F4 /* ClassBlockViewContainer.m */,
				3D1524931A578D820006F9F4 /* ClassBlockViewContainer.xib */,
				3D6CFCC51A5A0F6500931143 /* ClassBlockView.h */,
				3D6CFCC61A5A0F6500931143 /* ClassBlockView.m */,
				3D6CFCC81A5A0F9000931143 /* ClassBlockView.xib */,
			);
			name = View;
			sourceTree = "<group>";
		};
		3DA36BB81A5C9A6100C369CA /* ViewController */ = {
			isa = PBXGroup;
			children = (
				3D551AD919AB83E40082C393 /* MapViewController.h */,
				3D551ADA19AB83E40082C393 /* MapViewController.m */,
				3DD81F0319B68BAA00794B17 /* MapViewController.xib */,
				3D51838B1A0B9B7A00245E66 /* InfoViewController.h */,
				3D51838C1A0B9B7A00245E66 /* InfoViewController.m */,
				3D51838D1A0B9B7A00245E66 /* InfoViewController.xib */,
			);
			name = ViewController;
			sourceTree = "<group>";
		};
		3DA36BB91A5C9A6E00C369CA /* View */ = {
			isa = PBXGroup;
			children = (
				3D8AE36E1A3D31E10055A312 /* LocationTable.h */,
				3D8AE36F1A3D31E10055A312 /* LocationTable.m */,
				3D793A2519E87C9200BBAD68 /* OutlineOverlayRenderer.h */,
				3D793A2619E87C9200BBAD68 /* OutlineOverlayRenderer.m */,
			);
			name = View;
			sourceTree = "<group>";
		};
		3DA36BBA1A5C9A7E00C369CA /* Model (non-visual data manipulation) */ = {
			isa = PBXGroup;
			children = (
				3D66EA8019CF132700432B20 /* LocationStore.h */,
				3D66EA8119CF132700432B20 /* LocationStore.m */,
			);
			name = "Model (non-visual data manipulation)";
			sourceTree = "<group>";
		};
		3DAFF91C19F6D8A1002605AE /* Map */ = {
			isa = PBXGroup;
			children = (
				3DA36BB81A5C9A6100C369CA /* ViewController */,
				3DA36BB91A5C9A6E00C369CA /* View */,
				3DA36BBA1A5C9A7E00C369CA /* Model (non-visual data manipulation) */,
			);
			name = Map;
			sourceTree = "<group>";
		};
		3DAFF91E19F6D8C0002605AE /* Images */ = {
			isa = PBXGroup;
			children = (
				3DC221591ADDA26400158C7D /* noconnection@2x.png */,
				3DC2216D1ADDD9EC00158C7D /* notpressed@2x.png */,
				3DC2216E1ADDD9EC00158C7D /* pressed@2x.png */,
				3DC2214D1ADD92E500158C7D /* swift.png */,
				3DC2214F1ADD935200158C7D /* next.png */,
				3D943A431A895A070041DC6D /* gradient@2x.png */,
				3D943A411A89555E0041DC6D /* decal@2x.png */,
				3D4059111A3F4224004A7F79 /* mapoutline@2x.png */,
				3DEF22C61A15615300FBED5C /* toggle.png */,
				3D518C0D1A150E4B000BBCC9 /* Circle.png */,
				3DA1E85A1A361CEB007E500B /* trophy@2x.png */,
				3DA1E8541A361B19007E500B /* star@2x.png */,
				3D1F8B951A367706007173A8 /* star_selected@2x.png */,
				3DA1E8551A361B19007E500B /* more@2x.png */,
				3D1F8B931A36749C007173A8 /* more_selected@2x.png */,
				3DA1E8581A361B72007E500B /* compass@2x.png */,
				3D2C3B871A354F900040B3E6 /* compass_sel@2x.png */,
				3D1784721A5EE5D200792E6E /* noschool@2x.png */,
				3D7FEE331AE04C76005F0A66 /* nextbday.png */,
				3D7FEE341AE04C76005F0A66 /* nextaday.png */,
				3D83B6C71A0B129800480E2F /* aday.png */,
				3D83B6C81A0B129800480E2F /* bday.png */,
			);
			name = Images;
			sourceTree = "<group>";
		};
/* End PBXGroup section */

/* Begin PBXNativeTarget section */
		3D551AAF19AB82D00082C393 /* IAGuide */ = {
			isa = PBXNativeTarget;
			buildConfigurationList = 3D551AD319AB82D10082C393 /* Build configuration list for PBXNativeTarget "IAGuide" */;
			buildPhases = (
				3D551AAC19AB82D00082C393 /* Sources */,
				3D551AAD19AB82D00082C393 /* Frameworks */,
				3D551AAE19AB82D00082C393 /* Resources */,
				3DD0828B1BE180D700A0F5E4 /* Embed Watch Content */,
				3D4416E41C05036700329AA0 /* Embed App Extensions */,
			);
			buildRules = (
			);
			dependencies = (
			);
			name = IAGuide;
			productName = IAGuide;
			productReference = 3D551AB019AB82D10082C393 /* IAGuide.app */;
			productType = "com.apple.product-type.application";
		};
		3D551AC819AB82D10082C393 /* IAGuideTests */ = {
			isa = PBXNativeTarget;
			buildConfigurationList = 3D551AD619AB82D10082C393 /* Build configuration list for PBXNativeTarget "IAGuideTests" */;
			buildPhases = (
				3D551AC519AB82D10082C393 /* Sources */,
				3D551AC619AB82D10082C393 /* Frameworks */,
				3D551AC719AB82D10082C393 /* Resources */,
			);
			buildRules = (
			);
			dependencies = (
				3D551ACB19AB82D10082C393 /* PBXTargetDependency */,
			);
			name = IAGuideTests;
			productName = IAGuideTests;
			productReference = 3D551AC919AB82D10082C393 /* IAGuideTests.xctest */;
			productType = "com.apple.product-type.bundle.unit-test";
		};
/* End PBXNativeTarget section */

/* Begin PBXProject section */
		3D551AA819AB82D00082C393 /* Project object */ = {
			isa = PBXProject;
			attributes = {
				LastSwiftMigration = 0700;
				LastSwiftUpdateCheck = 0710;
				LastUpgradeCheck = 0700;
				ORGANIZATIONNAME = "Omar Alejel";
				TargetAttributes = {
					3D551AAF19AB82D00082C393 = {
						CreatedOnToolsVersion = 6.0;
						DevelopmentTeam = FNU3YT2Q2N;
						LastSwiftMigration = 0800;
					};
					3D551AC819AB82D10082C393 = {
						CreatedOnToolsVersion = 6.0;
						TestTargetID = 3D551AAF19AB82D00082C393;
					};
				};
			};
			buildConfigurationList = 3D551AAB19AB82D00082C393 /* Build configuration list for PBXProject "IAGuide" */;
			compatibilityVersion = "Xcode 3.2";
			developmentRegion = English;
			hasScannedForEncodings = 0;
			knownRegions = (
				en,
				Base,
			);
			mainGroup = 3D551AA719AB82D00082C393;
			productRefGroup = 3D551AB119AB82D10082C393 /* Products */;
			projectDirPath = "";
			projectRoot = "";
			targets = (
				3D551AAF19AB82D00082C393 /* IAGuide */,
				3D551AC819AB82D10082C393 /* IAGuideTests */,
			);
		};
/* End PBXProject section */

/* Begin PBXResourcesBuildPhase section */
		3D551AAE19AB82D00082C393 /* Resources */ = {
			isa = PBXResourcesBuildPhase;
			buildActionMask = 2147483647;
			files = (
				3D4059121A3F4224004A7F79 /* mapoutline@2x.png in Resources */,
				3DA1E85B1A361CEB007E500B /* trophy@2x.png in Resources */,
				3DA1E8591A361B72007E500B /* compass@2x.png in Resources */,
				3D6CFCC91A5A0F9000931143 /* ClassBlockView.xib in Resources */,
				3D832AE81A5488D000174B61 /* Teachers.plist in Resources */,
				3DC2216F1ADDD9EC00158C7D /* notpressed@2x.png in Resources */,
				3D7FEE351AE04C76005F0A66 /* nextbday.png in Resources */,
				3D943A441A895A070041DC6D /* gradient@2x.png in Resources */,
				3D1524941A578D820006F9F4 /* ClassBlockViewContainer.xib in Resources */,
				3DC221701ADDD9EC00158C7D /* pressed@2x.png in Resources */,
				3D518C0E1A150E4B000BBCC9 /* Circle.png in Resources */,
				3D1F8B941A36749C007173A8 /* more_selected@2x.png in Resources */,
				3DEF22C71A15615300FBED5C /* toggle.png in Resources */,
				3D943A421A89555E0041DC6D /* decal@2x.png in Resources */,
				3D83B6CA1A0B129800480E2F /* aday.png in Resources */,
				3D841F541A20040E004D8769 /* Classes.plist in Resources */,
				3D2C3B881A354F900040B3E6 /* compass_sel@2x.png in Resources */,
				3DC221501ADD935200158C7D /* next.png in Resources */,
				3D3D9D0F1AE1E5F2007F8945 /* digital-7 (mono).ttf in Resources */,
				3DA1E8561A361B19007E500B /* star@2x.png in Resources */,
				3D0F690F19FDE12D0080DC35 /* ExtrasViewController.xib in Resources */,
				3DD81F0419B68BAA00794B17 /* MapViewController.xib in Resources */,
				3D83B6CB1A0B129800480E2F /* bday.png in Resources */,
				3D96AAE41A8962550018D4F7 /* Images.xcassets in Resources */,
				3D51838F1A0B9B7A00245E66 /* InfoViewController.xib in Resources */,
				3D1F8B961A367706007173A8 /* star_selected@2x.png in Resources */,
				3D1784731A5EE5D200792E6E /* noschool@2x.png in Resources */,
				3DFD8BD81A350ED000279A2E /* OlympicsViewController.xib in Resources */,
				3DC2215A1ADDA26400158C7D /* noconnection@2x.png in Resources */,
				3D7FEE361AE04C76005F0A66 /* nextaday.png in Resources */,
				3DA1E8571A361B19007E500B /* more@2x.png in Resources */,
				3DC2214E1ADD92E500158C7D /* swift.png in Resources */,
				3D83303C1A0A7C3C00447A4D /* GuideViewController.xib in Resources */,
				3D24D3B61A5DF510008AC1AF /* ShortDays.plist in Resources */,
			);
			runOnlyForDeploymentPostprocessing = 0;
		};
		3D551AC719AB82D10082C393 /* Resources */ = {
			isa = PBXResourcesBuildPhase;
			buildActionMask = 2147483647;
			files = (
			);
			runOnlyForDeploymentPostprocessing = 0;
		};
/* End PBXResourcesBuildPhase section */

/* Begin PBXSourcesBuildPhase section */
		3D551AAC19AB82D00082C393 /* Sources */ = {
			isa = PBXSourcesBuildPhase;
			buildActionMask = 2147483647;
			files = (
				3D997CE71AD1803A003B4958 /* WebViewController.m in Sources */,
				3D6CFCC71A5A0F6500931143 /* ClassBlockView.m in Sources */,
				3D5F9F411A226D30003EE125 /* DetailTableCell.m in Sources */,
				3D79969C1A3F26FA007CF0E5 /* MXLCalendarManager.m in Sources */,
				3D793A2719E87C9200BBAD68 /* OutlineOverlayRenderer.m in Sources */,
				3D5C61271A46183C008E5B0C /* TodayManager.m in Sources */,
				3D51838E1A0B9B7A00245E66 /* InfoViewController.m in Sources */,
				3D551AB919AB82D10082C393 /* AppDelegate.m in Sources */,
				3D66EA8219CF132700432B20 /* LocationStore.m in Sources */,
				3DFD8BD71A350ED000279A2E /* OlympicsViewController.m in Sources */,
				3D79969A1A3F26FA007CF0E5 /* MXLCalendar.m in Sources */,
				3DC05ACF1B5DEBC200F4C9CF /* GlassScrollController.swift in Sources */,
				3D1524921A578D090006F9F4 /* ClassBlockViewContainer.m in Sources */,
				3D2956A31D5BFF99002D834F /* GuideViewController.m in Sources */,
				3D79969D1A3F26FA007CF0E5 /* NSTimeZone+ProperAbbreviation.m in Sources */,
				3D0647971B9C90070074B9FC /* SqueezeButton.swift in Sources */,
				3DA36BA81A5C7BDF00C369CA /* Location.swift in Sources */,
				3D551AB619AB82D10082C393 /* main.m in Sources */,
				3D79969B1A3F26FA007CF0E5 /* MXLCalendarEvent.m in Sources */,
				3D8AE3701A3D31E10055A312 /* LocationTable.m in Sources */,
				3D551ADB19AB83E40082C393 /* MapViewController.m in Sources */,
				3DF32E1019FC22CB005AEA8B /* ExtrasViewController.m in Sources */,
				3D26ABF91B339BD800514279 /* __GuideViewController.swift in Sources */,
			);
			runOnlyForDeploymentPostprocessing = 0;
		};
		3D551AC519AB82D10082C393 /* Sources */ = {
			isa = PBXSourcesBuildPhase;
			buildActionMask = 2147483647;
			files = (
				3D551AD019AB82D10082C393 /* IAGuideTests.m in Sources */,
			);
			runOnlyForDeploymentPostprocessing = 0;
		};
/* End PBXSourcesBuildPhase section */

/* Begin PBXTargetDependency section */
		3D551ACB19AB82D10082C393 /* PBXTargetDependency */ = {
			isa = PBXTargetDependency;
			target = 3D551AAF19AB82D00082C393 /* IAGuide */;
			targetProxy = 3D551ACA19AB82D10082C393 /* PBXContainerItemProxy */;
		};
/* End PBXTargetDependency section */

/* Begin XCBuildConfiguration section */
		3D551AD119AB82D10082C393 /* Debug */ = {
			isa = XCBuildConfiguration;
			buildSettings = {
				ALWAYS_SEARCH_USER_PATHS = NO;
				CLANG_CXX_LANGUAGE_STANDARD = "gnu++0x";
				CLANG_CXX_LIBRARY = "libc++";
				CLANG_ENABLE_MODULES = YES;
				CLANG_ENABLE_OBJC_ARC = YES;
				CLANG_WARN_BOOL_CONVERSION = YES;
				CLANG_WARN_CONSTANT_CONVERSION = YES;
				CLANG_WARN_DIRECT_OBJC_ISA_USAGE = YES_ERROR;
				CLANG_WARN_EMPTY_BODY = YES;
				CLANG_WARN_ENUM_CONVERSION = YES;
				CLANG_WARN_INT_CONVERSION = YES;
				CLANG_WARN_OBJC_ROOT_CLASS = YES_ERROR;
				CLANG_WARN_UNREACHABLE_CODE = YES;
				CLANG_WARN__DUPLICATE_METHOD_MATCH = YES;
				"CODE_SIGN_IDENTITY[sdk=iphoneos*]" = "iPhone Developer";
				COPY_PHASE_STRIP = NO;
				DEFINES_MODULE = YES;
				ENABLE_STRICT_OBJC_MSGSEND = YES;
				ENABLE_TESTABILITY = YES;
				GCC_C_LANGUAGE_STANDARD = gnu99;
				GCC_DYNAMIC_NO_PIC = NO;
				GCC_OPTIMIZATION_LEVEL = 0;
				GCC_PREPROCESSOR_DEFINITIONS = (
					"DEBUG=1",
					"$(inherited)",
				);
				GCC_SYMBOLS_PRIVATE_EXTERN = NO;
				GCC_WARN_64_TO_32_BIT_CONVERSION = YES;
				GCC_WARN_ABOUT_RETURN_TYPE = YES_ERROR;
				GCC_WARN_UNDECLARED_SELECTOR = YES;
				GCC_WARN_UNINITIALIZED_AUTOS = YES_AGGRESSIVE;
				GCC_WARN_UNUSED_FUNCTION = YES;
				GCC_WARN_UNUSED_VARIABLE = YES;
				IPHONEOS_DEPLOYMENT_TARGET = 7.0;
				MTL_ENABLE_DEBUG_INFO = YES;
				ONLY_ACTIVE_ARCH = YES;
				SDKROOT = iphoneos;
			};
			name = Debug;
		};
		3D551AD219AB82D10082C393 /* Release */ = {
			isa = XCBuildConfiguration;
			buildSettings = {
				ALWAYS_SEARCH_USER_PATHS = NO;
				CLANG_CXX_LANGUAGE_STANDARD = "gnu++0x";
				CLANG_CXX_LIBRARY = "libc++";
				CLANG_ENABLE_MODULES = YES;
				CLANG_ENABLE_OBJC_ARC = YES;
				CLANG_WARN_BOOL_CONVERSION = YES;
				CLANG_WARN_CONSTANT_CONVERSION = YES;
				CLANG_WARN_DIRECT_OBJC_ISA_USAGE = YES_ERROR;
				CLANG_WARN_EMPTY_BODY = YES;
				CLANG_WARN_ENUM_CONVERSION = YES;
				CLANG_WARN_INT_CONVERSION = YES;
				CLANG_WARN_OBJC_ROOT_CLASS = YES_ERROR;
				CLANG_WARN_UNREACHABLE_CODE = YES;
				CLANG_WARN__DUPLICATE_METHOD_MATCH = YES;
				"CODE_SIGN_IDENTITY[sdk=iphoneos*]" = "iPhone Developer";
				COPY_PHASE_STRIP = YES;
				DEFINES_MODULE = YES;
				ENABLE_NS_ASSERTIONS = NO;
				ENABLE_STRICT_OBJC_MSGSEND = YES;
				GCC_C_LANGUAGE_STANDARD = gnu99;
				GCC_WARN_64_TO_32_BIT_CONVERSION = YES;
				GCC_WARN_ABOUT_RETURN_TYPE = YES_ERROR;
				GCC_WARN_UNDECLARED_SELECTOR = YES;
				GCC_WARN_UNINITIALIZED_AUTOS = YES_AGGRESSIVE;
				GCC_WARN_UNUSED_FUNCTION = YES;
				GCC_WARN_UNUSED_VARIABLE = YES;
				IPHONEOS_DEPLOYMENT_TARGET = 7.0;
				MTL_ENABLE_DEBUG_INFO = NO;
				SDKROOT = iphoneos;
				VALIDATE_PRODUCT = YES;
			};
			name = Release;
		};
		3D551AD419AB82D10082C393 /* Debug */ = {
			isa = XCBuildConfiguration;
			buildSettings = {
				ASSETCATALOG_COMPILER_APPICON_NAME = AppIcon;
				ASSETCATALOG_COMPILER_LAUNCHIMAGE_NAME = LaunchImage;
				CLANG_ENABLE_MODULES = YES;
				CODE_SIGN_IDENTITY = "iPhone Developer";
				"CODE_SIGN_IDENTITY[sdk=iphoneos*]" = "iPhone Developer";
				EMBEDDED_CONTENT_CONTAINS_SWIFT = YES;
				INFOPLIST_FILE = IAGuide/Info.plist;
				IPHONEOS_DEPLOYMENT_TARGET = 7.0;
				LD_RUNPATH_SEARCH_PATHS = "$(inherited) @executable_path/Frameworks";
				PRODUCT_BUNDLE_IDENTIFIER = DL7989H5XT.com.alejel.iaguide;
				PRODUCT_NAME = "$(TARGET_NAME)";
				PROVISIONING_PROFILE = "";
				SWIFT_INSTALL_OBJC_HEADER = YES;
				SWIFT_OBJC_BRIDGING_HEADER = "IAGuide/IAGuide-Bridging-Header.h";
				SWIFT_OPTIMIZATION_LEVEL = "-Onone";
				SWIFT_VERSION = 2.3;
				TARGETED_DEVICE_FAMILY = "1,2";
			};
			name = Debug;
		};
		3D551AD519AB82D10082C393 /* Release */ = {
			isa = XCBuildConfiguration;
			buildSettings = {
				ASSETCATALOG_COMPILER_APPICON_NAME = AppIcon;
				ASSETCATALOG_COMPILER_LAUNCHIMAGE_NAME = LaunchImage;
				CLANG_ENABLE_MODULES = YES;
				CODE_SIGN_IDENTITY = "iPhone Developer";
				"CODE_SIGN_IDENTITY[sdk=iphoneos*]" = "iPhone Developer";
				EMBEDDED_CONTENT_CONTAINS_SWIFT = YES;
				INFOPLIST_FILE = IAGuide/Info.plist;
				IPHONEOS_DEPLOYMENT_TARGET = 7.0;
				LD_RUNPATH_SEARCH_PATHS = "$(inherited) @executable_path/Frameworks";
				PRODUCT_BUNDLE_IDENTIFIER = DL7989H5XT.com.alejel.iaguide;
				PRODUCT_NAME = "$(TARGET_NAME)";
				PROVISIONING_PROFILE = "";
				SWIFT_INSTALL_OBJC_HEADER = YES;
				SWIFT_OBJC_BRIDGING_HEADER = "IAGuide/IAGuide-Bridging-Header.h";
				SWIFT_VERSION = 2.3;
				TARGETED_DEVICE_FAMILY = "1,2";
			};
			name = Release;
		};
		3D551AD719AB82D10082C393 /* Debug */ = {
			isa = XCBuildConfiguration;
			buildSettings = {
				BUNDLE_LOADER = "$(TEST_HOST)";
				FRAMEWORK_SEARCH_PATHS = (
					"$(SDKROOT)/Developer/Library/Frameworks",
					"$(inherited)",
				);
				GCC_PREPROCESSOR_DEFINITIONS = (
					"DEBUG=1",
					"$(inherited)",
				);
				INFOPLIST_FILE = IAGuideTests/Info.plist;
				LD_RUNPATH_SEARCH_PATHS = "$(inherited) @executable_path/Frameworks @loader_path/Frameworks";
				PRODUCT_BUNDLE_IDENTIFIER = "com.Alejel.$(PRODUCT_NAME:rfc1034identifier)";
				PRODUCT_NAME = "$(TARGET_NAME)";
				TEST_HOST = "$(BUILT_PRODUCTS_DIR)/IAGuide.app/IAGuide";
			};
			name = Debug;
		};
		3D551AD819AB82D10082C393 /* Release */ = {
			isa = XCBuildConfiguration;
			buildSettings = {
				BUNDLE_LOADER = "$(TEST_HOST)";
				FRAMEWORK_SEARCH_PATHS = (
					"$(SDKROOT)/Developer/Library/Frameworks",
					"$(inherited)",
				);
				INFOPLIST_FILE = IAGuideTests/Info.plist;
				LD_RUNPATH_SEARCH_PATHS = "$(inherited) @executable_path/Frameworks @loader_path/Frameworks";
				PRODUCT_BUNDLE_IDENTIFIER = "com.Alejel.$(PRODUCT_NAME:rfc1034identifier)";
				PRODUCT_NAME = "$(TARGET_NAME)";
				TEST_HOST = "$(BUILT_PRODUCTS_DIR)/IAGuide.app/IAGuide";
			};
			name = Release;
		};
/* End XCBuildConfiguration section */

/* Begin XCConfigurationList section */
		3D551AAB19AB82D00082C393 /* Build configuration list for PBXProject "IAGuide" */ = {
			isa = XCConfigurationList;
			buildConfigurations = (
				3D551AD119AB82D10082C393 /* Debug */,
				3D551AD219AB82D10082C393 /* Release */,
			);
			defaultConfigurationIsVisible = 0;
			defaultConfigurationName = Release;
		};
		3D551AD319AB82D10082C393 /* Build configuration list for PBXNativeTarget "IAGuide" */ = {
			isa = XCConfigurationList;
			buildConfigurations = (
				3D551AD419AB82D10082C393 /* Debug */,
				3D551AD519AB82D10082C393 /* Release */,
			);
			defaultConfigurationIsVisible = 0;
			defaultConfigurationName = Release;
		};
		3D551AD619AB82D10082C393 /* Build configuration list for PBXNativeTarget "IAGuideTests" */ = {
			isa = XCConfigurationList;
			buildConfigurations = (
				3D551AD719AB82D10082C393 /* Debug */,
				3D551AD819AB82D10082C393 /* Release */,
			);
			defaultConfigurationIsVisible = 0;
			defaultConfigurationName = Release;
		};
/* End XCConfigurationList section */
	};
	rootObject = 3D551AA819AB82D00082C393 /* Project object */;
}
